
Microsoft Visual Studio Solution File, Format Version 12.00
# Visual Studio 15
VisualStudioVersion = 15.0.28306.52
MinimumVisualStudioVersion = 10.0.40219.1
Project("{FAE04EC0-301F-11D3-BF4B-00C04F79EFBC}") = "AVeryBigSum", "AVeryBigSum\AVeryBigSum.csproj", "{D2C34733-4074-43EC-9AA3-959DEAC7D7DE}"
EndProject
Global
	GlobalSection(SolutionConfigurationPlatforms) = preSolution
		Debug|Any CPU = Debug|Any CPU
		Release|Any CPU = Release|Any CPU
	EndGlobalSection
	GlobalSection(ProjectConfigurationPlatforms) = postSolution
		{D2C34733-4074-43EC-9AA3-959DEAC7D7DE}.Debug|Any CPU.ActiveCfg = Debug|Any CPU
		{D2C34733-4074-43EC-9AA3-959DEAC7D7DE}.Debug|Any CPU.Build.0 = Debug|Any CPU
		{D2C34733-4074-43EC-9AA3-959DEAC7D7DE}.Release|Any CPU.ActiveCfg = Release|Any CPU
		{D2C34733-4074-43EC-9AA3-959DEAC7D7DE}.Release|Any CPU.Build.0 = Release|Any CPU
	EndGlobalSection
	GlobalSection(SolutionProperties) = preSolution
		HideSolutionNode = FALSE
	EndGlobalSection
	GlobalSection(ExtensibilityGlobals) = postSolution
		SolutionGuid = {EAD93A2A-0BD2-4A8D-A75F-9F9EC2863A4B}
	EndGlobalSection
EndGlobal
